// !$*UTF8*$!
{
	archiveVersion = 1;
	classes = {
	};
	objectVersion = 46;
	objects = {

/* Begin PBXBuildFile section */
		6E98FD1319B2063C00BA535A /* main.cpp in Sources */ = {isa = PBXBuildFile; fileRef = 6E98FD1219B2063C00BA535A /* main.cpp */; };
		6E98FD1519B2063C00BA535A /* LocalLibrary.cpp in Sources */ = {isa = PBXBuildFile; fileRef = 6E98FD1419B2063C00BA535A /* LocalLibrary.cpp */; };
		6E98FD1819B2063C00BA535A /* Makefile in Sources */ = {isa = PBXBuildFile; fileRef = 6E98FD1719B2063C00BA535A /* Makefile */; };
/* End PBXBuildFile section */

/* Begin PBXFileReference section */
		6E98FD0F19B2063C00BA535A /* Index */ = {isa = PBXFileReference; explicitFileType = "compiled.mach-o.executable"; includeInIndex = 0; path = Index; sourceTree = BUILT_PRODUCTS_DIR; };
		6E98FD1219B2063C00BA535A /* main.cpp */ = {isa = PBXFileReference; lastKnownFileType = sourcecode.cpp.cpp; path = main.cpp; sourceTree = "<group>"; };
		6E98FD1419B2063C00BA535A /* LocalLibrary.cpp */ = {isa = PBXFileReference; lastKnownFileType = sourcecode.cpp.cpp; path = LocalLibrary.cpp; sourceTree = "<group>"; };
		6E98FD1619B2063C00BA535A /* LocalLibrary.h */ = {isa = PBXFileReference; lastKnownFileType = sourcecode.c.h; path = LocalLibrary.h; sourceTree = "<group>"; };
		6E98FD1719B2063C00BA535A /* Makefile */ = {isa = PBXFileReference; lastKnownFileType = sourcecode.make; path = Makefile; sourceTree = "<group>"; };
		6E98FD1A19B2063C00BA535A /* Sketchbook.txt */ = {isa = PBXFileReference; lastKnownFileType = text; name = Sketchbook.txt; path = Sketchbook/Sketchbook.txt; sourceTree = "<group>"; };
		6E98FD1C19B2063C00BA535A /* 4D Systems PICadillo 35T.xcconfig */ = {isa = PBXFileReference; lastKnownFileType = text.xcconfig; name = "4D Systems PICadillo 35T.xcconfig"; path = "Configurations/4D Systems PICadillo 35T.xcconfig"; sourceTree = "<group>"; };
		6E98FD1D19B2063C00BA535A /* Arduino Due.xcconfig */ = {isa = PBXFileReference; lastKnownFileType = text.xcconfig; name = "Arduino Due.xcconfig"; path = "Configurations/Arduino Due.xcconfig"; sourceTree = "<group>"; };
		6E98FD1E19B2063C00BA535A /* Arduino Duemilanove.xcconfig */ = {isa = PBXFileReference; lastKnownFileType = text.xcconfig; name = "Arduino Duemilanove.xcconfig"; path = "Configurations/Arduino Duemilanove.xcconfig"; sourceTree = "<group>"; };
		6E98FD1F19B2063C00BA535A /* Arduino Leonardo.xcconfig */ = {isa = PBXFileReference; lastKnownFileType = text.xcconfig; name = "Arduino Leonardo.xcconfig"; path = "Configurations/Arduino Leonardo.xcconfig"; sourceTree = "<group>"; };
		6E98FD2019B2063C00BA535A /* Arduino Mega 2560.xcconfig */ = {isa = PBXFileReference; lastKnownFileType = text.xcconfig; name = "Arduino Mega 2560.xcconfig"; path = "Configurations/Arduino Mega 2560.xcconfig"; sourceTree = "<group>"; };
		6E98FD2119B2063C00BA535A /* Arduino Micro.xcconfig */ = {isa = PBXFileReference; lastKnownFileType = text.xcconfig; name = "Arduino Micro.xcconfig"; path = "Configurations/Arduino Micro.xcconfig"; sourceTree = "<group>"; };
		6E98FD2219B2063C00BA535A /* Arduino Pro with ATmega328-3.3V.xcconfig */ = {isa = PBXFileReference; lastKnownFileType = text.xcconfig; name = "Arduino Pro with ATmega328-3.3V.xcconfig"; path = "Configurations/Arduino Pro with ATmega328-3.3V.xcconfig"; sourceTree = "<group>"; };
		6E98FD2319B2063C00BA535A /* Arduino Pro with ATmega328-5V.xcconfig */ = {isa = PBXFileReference; lastKnownFileType = text.xcconfig; name = "Arduino Pro with ATmega328-5V.xcconfig"; path = "Configurations/Arduino Pro with ATmega328-5V.xcconfig"; sourceTree = "<group>"; };
		6E98FD2419B2063C00BA535A /* Arduino Mini with ATmega168.xcconfig */ = {isa = PBXFileReference; lastKnownFileType = text.xcconfig; name = "Arduino Mini with ATmega168.xcconfig"; path = "Configurations/Arduino Mini with ATmega168.xcconfig"; sourceTree = "<group>"; };
		6E98FD2519B2063C00BA535A /* Arduino Mini with ATmega328.xcconfig */ = {isa = PBXFileReference; lastKnownFileType = text.xcconfig; name = "Arduino Mini with ATmega328.xcconfig"; path = "Configurations/Arduino Mini with ATmega328.xcconfig"; sourceTree = "<group>"; };
		6E98FD2619B2063C00BA535A /* Arduino Nano with ATmega168.xcconfig */ = {isa = PBXFileReference; lastKnownFileType = text.xcconfig; name = "Arduino Nano with ATmega168.xcconfig"; path = "Configurations/Arduino Nano with ATmega168.xcconfig"; sourceTree = "<group>"; };
		6E98FD2719B2063C00BA535A /* Arduino Nano with ATmega328.xcconfig */ = {isa = PBXFileReference; lastKnownFileType = text.xcconfig; name = "Arduino Nano with ATmega328.xcconfig"; path = "Configurations/Arduino Nano with ATmega328.xcconfig"; sourceTree = "<group>"; };
		6E98FD2819B2063C00BA535A /* Arduino Robot Control.xcconfig */ = {isa = PBXFileReference; lastKnownFileType = text.xcconfig; name = "Arduino Robot Control.xcconfig"; path = "Configurations/Arduino Robot Control.xcconfig"; sourceTree = "<group>"; };
		6E98FD2919B2063C00BA535A /* Arduino Robot Motor.xcconfig */ = {isa = PBXFileReference; lastKnownFileType = text.xcconfig; name = "Arduino Robot Motor.xcconfig"; path = "Configurations/Arduino Robot Motor.xcconfig"; sourceTree = "<group>"; };
		6E98FD2A19B2063C00BA535A /* Arduino Uno.xcconfig */ = {isa = PBXFileReference; lastKnownFileType = text.xcconfig; name = "Arduino Uno.xcconfig"; path = "Configurations/Arduino Uno.xcconfig"; sourceTree = "<group>"; };
		6E98FD2B19B2063C00BA535A /* Arduino Yun.xcconfig */ = {isa = PBXFileReference; lastKnownFileType = text.xcconfig; name = "Arduino Yun.xcconfig"; path = "Configurations/Arduino Yun.xcconfig"; sourceTree = "<group>"; };
		6E98FD2C19B2063C00BA535A /* chipKIT Uno32.xcconfig */ = {isa = PBXFileReference; lastKnownFileType = text.xcconfig; name = "chipKIT Uno32.xcconfig"; path = "Configurations/chipKIT Uno32.xcconfig"; sourceTree = "<group>"; };
		6E98FD2D19B2063C00BA535A /* chipKIT Max32.xcconfig */ = {isa = PBXFileReference; lastKnownFileType = text.xcconfig; name = "chipKIT Max32.xcconfig"; path = "Configurations/chipKIT Max32.xcconfig"; sourceTree = "<group>"; };
		6E98FD2E19B2063C00BA535A /* chipKIT uC32.xcconfig */ = {isa = PBXFileReference; lastKnownFileType = text.xcconfig; name = "chipKIT uC32.xcconfig"; path = "Configurations/chipKIT uC32.xcconfig"; sourceTree = "<group>"; };
		6E98FD2F19B2063C00BA535A /* DFRobot BLuno.xcconfig */ = {isa = PBXFileReference; lastKnownFileType = text.xcconfig; name = "DFRobot BLuno.xcconfig"; path = "Configurations/DFRobot BLuno.xcconfig"; sourceTree = "<group>"; };
		6E98FD3019B2063C00BA535A /* Digispark Tiny Core.xcconfig */ = {isa = PBXFileReference; lastKnownFileType = text.xcconfig; name = "Digispark Tiny Core.xcconfig"; path = "Configurations/Digispark Tiny Core.xcconfig"; sourceTree = "<group>"; };
		6E98FD3119B2063C00BA535A /* Experimeter Board with MSP430FR5739.xcconfig */ = {isa = PBXFileReference; lastKnownFileType = text.xcconfig; name = "Experimeter Board with MSP430FR5739.xcconfig"; path = "Configurations/Experimeter Board with MSP430FR5739.xcconfig"; sourceTree = "<group>"; };
		6E98FD3219B2063C00BA535A /* Intel Galileo.xcconfig */ = {isa = PBXFileReference; lastKnownFileType = text.xcconfig; name = "Intel Galileo.xcconfig"; path = "Configurations/Intel Galileo.xcconfig"; sourceTree = "<group>"; };
		6E98FD3319B2063C00BA535A /* Intel Galileo Gen2.xcconfig */ = {isa = PBXFileReference; lastKnownFileType = text.xcconfig; name = "Intel Galileo Gen2.xcconfig"; path = "Configurations/Intel Galileo Gen2.xcconfig"; sourceTree = "<group>"; };
		6E98FD3419B2063C00BA535A /* LaunchPad WiFi with CC3200.xcconfig */ = {isa = PBXFileReference; lastKnownFileType = text.xcconfig; name = "LaunchPad WiFi with CC3200.xcconfig"; path = "Configurations/LaunchPad WiFi with CC3200.xcconfig"; sourceTree = "<group>"; };
		6E98FD3519B2063C00BA535A /* LaunchPad Stellaris with LM4F120.xcconfig */ = {isa = PBXFileReference; lastKnownFileType = text.xcconfig; name = "LaunchPad Stellaris with LM4F120.xcconfig"; path = "Configurations/LaunchPad Stellaris with LM4F120.xcconfig"; sourceTree = "<group>"; };
		6E98FD3619B2063C00BA535A /* LaunchPad Tiva C with TM4C123.xcconfig */ = {isa = PBXFileReference; lastKnownFileType = text.xcconfig; name = "LaunchPad Tiva C with TM4C123.xcconfig"; path = "Configurations/LaunchPad Tiva C with TM4C123.xcconfig"; sourceTree = "<group>"; };
		6E98FD3719B2063C00BA535A /* LaunchPad Tiva C with TM4C129.xcconfig */ = {isa = PBXFileReference; lastKnownFileType = text.xcconfig; name = "LaunchPad Tiva C with TM4C129.xcconfig"; path = "Configurations/LaunchPad Tiva C with TM4C129.xcconfig"; sourceTree = "<group>"; };
		6E98FD3819B2063C00BA535A /* LaunchPad with MSP430G2553.xcconfig */ = {isa = PBXFileReference; lastKnownFileType = text.xcconfig; name = "LaunchPad with MSP430G2553.xcconfig"; path = "Configurations/LaunchPad with MSP430G2553.xcconfig"; sourceTree = "<group>"; };
		6E98FD3919B2063C00BA535A /* LaunchPad with MSP430G2231.xcconfig */ = {isa = PBXFileReference; lastKnownFileType = text.xcconfig; name = "LaunchPad with MSP430G2231.xcconfig"; path = "Configurations/LaunchPad with MSP430G2231.xcconfig"; sourceTree = "<group>"; };
		6E98FD3A19B2063C00BA535A /* LaunchPad with MSP430G2452.xcconfig */ = {isa = PBXFileReference; lastKnownFileType = text.xcconfig; name = "LaunchPad with MSP430G2452.xcconfig"; path = "Configurations/LaunchPad with MSP430G2452.xcconfig"; sourceTree = "<group>"; };
		6E98FD3B19B2063C00BA535A /* LaunchPad with MSP430F5529.xcconfig */ = {isa = PBXFileReference; lastKnownFileType = text.xcconfig; name = "LaunchPad with MSP430F5529.xcconfig"; path = "Configurations/LaunchPad with MSP430F5529.xcconfig"; sourceTree = "<group>"; };
		6E98FD3C19B2063C00BA535A /* LaunchPad with MSP430FR5969.xcconfig */ = {isa = PBXFileReference; lastKnownFileType = text.xcconfig; name = "LaunchPad with MSP430FR5969.xcconfig"; path = "Configurations/LaunchPad with MSP430FR5969.xcconfig"; sourceTree = "<group>"; };
		6E98FD3D19B2063C00BA535A /* Maple Flash revision 3+.xcconfig */ = {isa = PBXFileReference; lastKnownFileType = text.xcconfig; name = "Maple Flash revision 3+.xcconfig"; path = "Configurations/Maple Flash revision 3+.xcconfig"; sourceTree = "<group>"; };
		6E98FD3E19B2063C00BA535A /* Microduino Core with ATmega328-5V.xcconfig */ = {isa = PBXFileReference; lastKnownFileType = text.xcconfig; name = "Microduino Core with ATmega328-5V.xcconfig"; path = "Configurations/Microduino Core with ATmega328-5V.xcconfig"; sourceTree = "<group>"; };
		6E98FD3F19B2063C00BA535A /* Microduino Core32u4 with ATmega328U4-5V.xcconfig */ = {isa = PBXFileReference; lastKnownFileType = text.xcconfig; name = "Microduino Core32u4 with ATmega328U4-5V.xcconfig"; path = "Configurations/Microduino Core32u4 with ATmega328U4-5V.xcconfig"; sourceTree = "<group>"; };
		6E98FD4019B2063C00BA535A /* Microduino Core+ with ATmega644-5V.xcconfig */ = {isa = PBXFileReference; lastKnownFileType = text.xcconfig; name = "Microduino Core+ with ATmega644-5V.xcconfig"; path = "Configurations/Microduino Core+ with ATmega644-5V.xcconfig"; sourceTree = "<group>"; };
		6E98FD4119B2063C00BA535A /* Sparkfun Uno.xcconfig */ = {isa = PBXFileReference; lastKnownFileType = text.xcconfig; name = "Sparkfun Uno.xcconfig"; path = "Configurations/Sparkfun Uno.xcconfig"; sourceTree = "<group>"; };
		6E98FD4219B2063C00BA535A /* Teensy 2.0.xcconfig */ = {isa = PBXFileReference; lastKnownFileType = text.xcconfig; name = "Teensy 2.0.xcconfig"; path = "Configurations/Teensy 2.0.xcconfig"; sourceTree = "<group>"; };
		6E98FD4319B2063C00BA535A /* Teensy 3.0.xcconfig */ = {isa = PBXFileReference; lastKnownFileType = text.xcconfig; name = "Teensy 3.0.xcconfig"; path = "Configurations/Teensy 3.0.xcconfig"; sourceTree = "<group>"; };
		6E98FD4419B2063C00BA535A /* Teensy 3.1.xcconfig */ = {isa = PBXFileReference; lastKnownFileType = text.xcconfig; name = "Teensy 3.1.xcconfig"; path = "Configurations/Teensy 3.1.xcconfig"; sourceTree = "<group>"; };
		6E98FD4519B2063C00BA535A /* Wiring S.xcconfig */ = {isa = PBXFileReference; lastKnownFileType = text.xcconfig; name = "Wiring S.xcconfig"; path = "Configurations/Wiring S.xcconfig"; sourceTree = "<group>"; };
		6E98FD4719B2063C00BA535A /* Arduino.mk */ = {isa = PBXFileReference; lastKnownFileType = text; name = Arduino.mk; path = Makefiles/Arduino.mk; sourceTree = "<group>"; };
		6E98FD4819B2063C00BA535A /* Arduino1.mk */ = {isa = PBXFileReference; lastKnownFileType = text; name = Arduino1.mk; path = Makefiles/Arduino1.mk; sourceTree = "<group>"; };
		6E98FD4919B2063C00BA535A /* Arduino15avr.mk */ = {isa = PBXFileReference; lastKnownFileType = text; name = Arduino15avr.mk; path = Makefiles/Arduino15avr.mk; sourceTree = "<group>"; };
		6E98FD4A19B2063C00BA535A /* Arduino15sam.mk */ = {isa = PBXFileReference; lastKnownFileType = text; name = Arduino15sam.mk; path = Makefiles/Arduino15sam.mk; sourceTree = "<group>"; };
		6E98FD4B19B2063C00BA535A /* Arduino23.mk */ = {isa = PBXFileReference; lastKnownFileType = text; name = Arduino23.mk; path = Makefiles/Arduino23.mk; sourceTree = "<group>"; };
		6E98FD4C19B2063C00BA535A /* Digispark.mk */ = {isa = PBXFileReference; lastKnownFileType = text; name = Digispark.mk; path = Makefiles/Digispark.mk; sourceTree = "<group>"; };
		6E98FD4D19B2063C00BA535A /* EnergiaMSP430.mk */ = {isa = PBXFileReference; lastKnownFileType = text; name = EnergiaMSP430.mk; path = Makefiles/EnergiaMSP430.mk; sourceTree = "<group>"; };
		6E98FD4E19B2063C00BA535A /* EnergiaLM4F.mk */ = {isa = PBXFileReference; lastKnownFileType = text; name = EnergiaLM4F.mk; path = Makefiles/EnergiaLM4F.mk; sourceTree = "<group>"; };
		6E98FD4F19B2063C00BA535A /* EnergiaCC3200.mk */ = {isa = PBXFileReference; lastKnownFileType = text; name = EnergiaCC3200.mk; path = Makefiles/EnergiaCC3200.mk; sourceTree = "<group>"; };
		6E98FD5019B2063C00BA535A /* Galileo.mk */ = {isa = PBXFileReference; lastKnownFileType = text; name = Galileo.mk; path = Makefiles/Galileo.mk; sourceTree = "<group>"; };
		6E98FD5119B2063C00BA535A /* MapleIDE.mk */ = {isa = PBXFileReference; lastKnownFileType = text; name = MapleIDE.mk; path = Makefiles/MapleIDE.mk; sourceTree = "<group>"; };
		6E98FD5219B2063C00BA535A /* Microduino.mk */ = {isa = PBXFileReference; lastKnownFileType = text; name = Microduino.mk; path = Makefiles/Microduino.mk; sourceTree = "<group>"; };
		6E98FD5319B2063C00BA535A /* Mpide.mk */ = {isa = PBXFileReference; lastKnownFileType = text; name = Mpide.mk; path = Makefiles/Mpide.mk; sourceTree = "<group>"; };
		6E98FD5419B2063C00BA535A /* Wiring.mk */ = {isa = PBXFileReference; lastKnownFileType = text; name = Wiring.mk; path = Makefiles/Wiring.mk; sourceTree = "<group>"; };
		6E98FD5519B2063C00BA535A /* Step1.mk */ = {isa = PBXFileReference; lastKnownFileType = text; name = Step1.mk; path = Makefiles/Step1.mk; sourceTree = "<group>"; };
		6E98FD5619B2063C00BA535A /* Step2.mk */ = {isa = PBXFileReference; lastKnownFileType = text; name = Step2.mk; path = Makefiles/Step2.mk; sourceTree = "<group>"; };
		6E98FD5719B2063C00BA535A /* Teensy.mk */ = {isa = PBXFileReference; lastKnownFileType = text; name = Teensy.mk; path = Makefiles/Teensy.mk; sourceTree = "<group>"; };
		6E98FD5819B2063C00BA535A /* Teensy2.mk */ = {isa = PBXFileReference; lastKnownFileType = text; name = Teensy2.mk; path = Makefiles/Teensy2.mk; sourceTree = "<group>"; };
		6E98FD5919B2063C00BA535A /* Teensy3.mk */ = {isa = PBXFileReference; lastKnownFileType = text; name = Teensy3.mk; path = Makefiles/Teensy3.mk; sourceTree = "<group>"; };
		6E98FD5A19B2063C00BA535A /* Avrdude.mk */ = {isa = PBXFileReference; lastKnownFileType = text; name = Avrdude.mk; path = Makefiles/Avrdude.mk; sourceTree = "<group>"; };
		6E98FD5B19B2063C00BA535A /* ReadMe.txt */ = {isa = PBXFileReference; lastKnownFileType = text; path = ReadMe.txt; sourceTree = "<group>"; };
		6E98FD5D19B2063C00BA535A /* About.txt */ = {isa = PBXFileReference; lastKnownFileType = text; name = About.txt; path = About/About.txt; sourceTree = "<group>"; };
		6E98FD5F19B2063C00BA535A /* reset.py */ = {isa = PBXFileReference; lastKnownFileType = text.script.python; name = reset.py; path = Utilities/reset.py; sourceTree = "<group>"; };
		6E98FD6019B2063C00BA535A /* serial1200.py */ = {isa = PBXFileReference; lastKnownFileType = text.script.python; name = serial1200.py; path = Utilities/serial1200.py; sourceTree = "<group>"; };
		6E98FD6119B2063C00BA535A /* embedXcode_prepare */ = {isa = PBXFileReference; lastKnownFileType = "compiled.mach-o.executable"; name = embedXcode_prepare; path = Utilities/embedXcode_prepare; sourceTree = "<group>"; };
		6E98FD6219B2063C00BA535A /* embedXcode_check */ = {isa = PBXFileReference; lastKnownFileType = "compiled.mach-o.executable"; name = embedXcode_check; path = Utilities/embedXcode_check; sourceTree = "<group>"; };
		6E98FD6319B2063C00BA535A /* embedXcode_chrono */ = {isa = PBXFileReference; lastKnownFileType = "compiled.mach-o.executable"; name = embedXcode_chrono; path = Utilities/embedXcode_chrono; sourceTree = "<group>"; };
		6E98FD6419B2063C00BA535A /* TemplateIcon.icns */ = {isa = PBXFileReference; lastKnownFileType = image.icns; name = TemplateIcon.icns; path = Utilities/TemplateIcon.icns; sourceTree = "<group>"; };
		6E98FD6519B2063C00BA535A /* clupload_osx.sh */ = {isa = PBXFileReference; lastKnownFileType = text.script.sh; name = clupload_osx.sh; path = Utilities/clupload_osx.sh; sourceTree = "<group>"; };
		6E98FD6619B2063C00BA535A /* AutoGreen_Arduino.ino */ = {isa = PBXFileReference; lastKnownFileType = text; path = AutoGreen_Arduino.ino; sourceTree = "<group>"; };
/* End PBXFileReference section */

/* Begin PBXGroup section */
		6E98FD0419B2063C00BA535A = {
			isa = PBXGroup;
			children = (
				6E98FD1119B2063C00BA535A /* AutoGreen Arduino */,
				6E98FD1019B2063C00BA535A /* Products */,
			);
			sourceTree = "<group>";
		};
		6E98FD1019B2063C00BA535A /* Products */ = {
			isa = PBXGroup;
			children = (
				6E98FD0F19B2063C00BA535A /* Index */,
			);
			name = Products;
			sourceTree = "<group>";
		};
		6E98FD1119B2063C00BA535A /* AutoGreen Arduino */ = {
			isa = PBXGroup;
			children = (
				6E98FD1219B2063C00BA535A /* main.cpp */,
				6E98FD1419B2063C00BA535A /* LocalLibrary.cpp */,
				6E98FD1619B2063C00BA535A /* LocalLibrary.h */,
				6E98FD1719B2063C00BA535A /* Makefile */,
				6E98FD5B19B2063C00BA535A /* ReadMe.txt */,
				6E98FD6619B2063C00BA535A /* AutoGreen_Arduino.ino */,
				6E98FD1919B2063C00BA535A /* Sketchbook */,
				6E98FD1B19B2063C00BA535A /* Configurations */,
				6E98FD4619B2063C00BA535A /* Makefiles */,
				6E98FD5C19B2063C00BA535A /* About */,
				6E98FD5E19B2063C00BA535A /* Utilities */,
			);
			path = "AutoGreen Arduino";
			sourceTree = "<group>";
		};
		6E98FD1919B2063C00BA535A /* Sketchbook */ = {
			isa = PBXGroup;
			children = (
				6E98FD1A19B2063C00BA535A /* Sketchbook.txt */,
			);
			name = Sketchbook;
			sourceTree = "<group>";
		};
		6E98FD1B19B2063C00BA535A /* Configurations */ = {
			isa = PBXGroup;
			children = (
				6E98FD1C19B2063C00BA535A /* 4D Systems PICadillo 35T.xcconfig */,
				6E98FD1D19B2063C00BA535A /* Arduino Due.xcconfig */,
				6E98FD1E19B2063C00BA535A /* Arduino Duemilanove.xcconfig */,
				6E98FD1F19B2063C00BA535A /* Arduino Leonardo.xcconfig */,
				6E98FD2019B2063C00BA535A /* Arduino Mega 2560.xcconfig */,
				6E98FD2119B2063C00BA535A /* Arduino Micro.xcconfig */,
				6E98FD2219B2063C00BA535A /* Arduino Pro with ATmega328-3.3V.xcconfig */,
				6E98FD2319B2063C00BA535A /* Arduino Pro with ATmega328-5V.xcconfig */,
				6E98FD2419B2063C00BA535A /* Arduino Mini with ATmega168.xcconfig */,
				6E98FD2519B2063C00BA535A /* Arduino Mini with ATmega328.xcconfig */,
				6E98FD2619B2063C00BA535A /* Arduino Nano with ATmega168.xcconfig */,
				6E98FD2719B2063C00BA535A /* Arduino Nano with ATmega328.xcconfig */,
				6E98FD2819B2063C00BA535A /* Arduino Robot Control.xcconfig */,
				6E98FD2919B2063C00BA535A /* Arduino Robot Motor.xcconfig */,
				6E98FD2A19B2063C00BA535A /* Arduino Uno.xcconfig */,
				6E98FD2B19B2063C00BA535A /* Arduino Yun.xcconfig */,
				6E98FD2C19B2063C00BA535A /* chipKIT Uno32.xcconfig */,
				6E98FD2D19B2063C00BA535A /* chipKIT Max32.xcconfig */,
				6E98FD2E19B2063C00BA535A /* chipKIT uC32.xcconfig */,
				6E98FD2F19B2063C00BA535A /* DFRobot BLuno.xcconfig */,
				6E98FD3019B2063C00BA535A /* Digispark Tiny Core.xcconfig */,
				6E98FD3119B2063C00BA535A /* Experimeter Board with MSP430FR5739.xcconfig */,
				6E98FD3219B2063C00BA535A /* Intel Galileo.xcconfig */,
				6E98FD3319B2063C00BA535A /* Intel Galileo Gen2.xcconfig */,
				6E98FD3419B2063C00BA535A /* LaunchPad WiFi with CC3200.xcconfig */,
				6E98FD3519B2063C00BA535A /* LaunchPad Stellaris with LM4F120.xcconfig */,
				6E98FD3619B2063C00BA535A /* LaunchPad Tiva C with TM4C123.xcconfig */,
				6E98FD3719B2063C00BA535A /* LaunchPad Tiva C with TM4C129.xcconfig */,
				6E98FD3819B2063C00BA535A /* LaunchPad with MSP430G2553.xcconfig */,
				6E98FD3919B2063C00BA535A /* LaunchPad with MSP430G2231.xcconfig */,
				6E98FD3A19B2063C00BA535A /* LaunchPad with MSP430G2452.xcconfig */,
				6E98FD3B19B2063C00BA535A /* LaunchPad with MSP430F5529.xcconfig */,
				6E98FD3C19B2063C00BA535A /* LaunchPad with MSP430FR5969.xcconfig */,
				6E98FD3D19B2063C00BA535A /* Maple Flash revision 3+.xcconfig */,
				6E98FD3E19B2063C00BA535A /* Microduino Core with ATmega328-5V.xcconfig */,
				6E98FD3F19B2063C00BA535A /* Microduino Core32u4 with ATmega328U4-5V.xcconfig */,
				6E98FD4019B2063C00BA535A /* Microduino Core+ with ATmega644-5V.xcconfig */,
				6E98FD4119B2063C00BA535A /* Sparkfun Uno.xcconfig */,
				6E98FD4219B2063C00BA535A /* Teensy 2.0.xcconfig */,
				6E98FD4319B2063C00BA535A /* Teensy 3.0.xcconfig */,
				6E98FD4419B2063C00BA535A /* Teensy 3.1.xcconfig */,
				6E98FD4519B2063C00BA535A /* Wiring S.xcconfig */,
			);
			name = Configurations;
			sourceTree = "<group>";
		};
		6E98FD4619B2063C00BA535A /* Makefiles */ = {
			isa = PBXGroup;
			children = (
				6E98FD4719B2063C00BA535A /* Arduino.mk */,
				6E98FD4819B2063C00BA535A /* Arduino1.mk */,
				6E98FD4919B2063C00BA535A /* Arduino15avr.mk */,
				6E98FD4A19B2063C00BA535A /* Arduino15sam.mk */,
				6E98FD4B19B2063C00BA535A /* Arduino23.mk */,
				6E98FD4C19B2063C00BA535A /* Digispark.mk */,
				6E98FD4D19B2063C00BA535A /* EnergiaMSP430.mk */,
				6E98FD4E19B2063C00BA535A /* EnergiaLM4F.mk */,
				6E98FD4F19B2063C00BA535A /* EnergiaCC3200.mk */,
				6E98FD5019B2063C00BA535A /* Galileo.mk */,
				6E98FD5119B2063C00BA535A /* MapleIDE.mk */,
				6E98FD5219B2063C00BA535A /* Microduino.mk */,
				6E98FD5319B2063C00BA535A /* Mpide.mk */,
				6E98FD5419B2063C00BA535A /* Wiring.mk */,
				6E98FD5519B2063C00BA535A /* Step1.mk */,
				6E98FD5619B2063C00BA535A /* Step2.mk */,
				6E98FD5719B2063C00BA535A /* Teensy.mk */,
				6E98FD5819B2063C00BA535A /* Teensy2.mk */,
				6E98FD5919B2063C00BA535A /* Teensy3.mk */,
				6E98FD5A19B2063C00BA535A /* Avrdude.mk */,
			);
			name = Makefiles;
			sourceTree = "<group>";
		};
		6E98FD5C19B2063C00BA535A /* About */ = {
			isa = PBXGroup;
			children = (
				6E98FD5D19B2063C00BA535A /* About.txt */,
			);
			name = About;
			sourceTree = "<group>";
		};
		6E98FD5E19B2063C00BA535A /* Utilities */ = {
			isa = PBXGroup;
			children = (
				6E98FD5F19B2063C00BA535A /* reset.py */,
				6E98FD6019B2063C00BA535A /* serial1200.py */,
				6E98FD6119B2063C00BA535A /* embedXcode_prepare */,
				6E98FD6219B2063C00BA535A /* embedXcode_check */,
				6E98FD6319B2063C00BA535A /* embedXcode_chrono */,
				6E98FD6419B2063C00BA535A /* TemplateIcon.icns */,
				6E98FD6519B2063C00BA535A /* clupload_osx.sh */,
			);
			name = Utilities;
			sourceTree = "<group>";
		};
/* End PBXGroup section */

/* Begin PBXLegacyTarget section */
		6E98FD0919B2063C00BA535A /* All */ = {
			isa = PBXLegacyTarget;
			buildArgumentsString = "all -C \"$(PROJECT)\"";
			buildConfigurationList = 6E98FD6919B2063C00BA535A /* Build configuration list for PBXLegacyTarget "All" */;
			buildPhases = (
			);
			buildToolPath = make;
			dependencies = (
			);
			name = All;
			passBuildSettingsInEnvironment = 1;
			productName = All;
		};
		6E98FD0A19B2063C00BA535A /* Build */ = {
			isa = PBXLegacyTarget;
			buildArgumentsString = "build -C \"$(PROJECT)\"";
			buildConfigurationList = 6E98FD6C19B2063C00BA535A /* Build configuration list for PBXLegacyTarget "Build" */;
			buildPhases = (
			);
			buildToolPath = make;
			dependencies = (
			);
			name = Build;
			passBuildSettingsInEnvironment = 1;
			productName = Build;
		};
		6E98FD0B19B2063C00BA535A /* Serial */ = {
			isa = PBXLegacyTarget;
			buildArgumentsString = "serial -C \"$(PROJECT)\"";
			buildConfigurationList = 6E98FD6F19B2063C00BA535A /* Build configuration list for PBXLegacyTarget "Serial" */;
			buildPhases = (
			);
			buildToolPath = make;
			dependencies = (
			);
			name = Serial;
			passBuildSettingsInEnvironment = 1;
			productName = Serial;
		};
		6E98FD0C19B2063C00BA535A /* Upload */ = {
			isa = PBXLegacyTarget;
			buildArgumentsString = "upload -C \"$(PROJECT)\"";
			buildConfigurationList = 6E98FD7219B2063C00BA535A /* Build configuration list for PBXLegacyTarget "Upload" */;
			buildPhases = (
			);
			buildToolPath = make;
			dependencies = (
			);
			name = Upload;
			passBuildSettingsInEnvironment = 1;
			productName = Upload;
		};
/* End PBXLegacyTarget section */

/* Begin PBXNativeTarget section */
		6E98FD0E19B2063C00BA535A /* Index */ = {
			isa = PBXNativeTarget;
			buildConfigurationList = 6E98FD7519B2063C00BA535A /* Build configuration list for PBXNativeTarget "Index" */;
			buildPhases = (
				6E98FD0D19B2063C00BA535A /* Sources */,
			);
			buildRules = (
			);
			dependencies = (
			);
			name = Index;
			productName = Index;
			productReference = 6E98FD0F19B2063C00BA535A /* Index */;
			productType = "com.apple.product-type.tool";
		};
/* End PBXNativeTarget section */

/* Begin PBXProject section */
		6E98FD0519B2063C00BA535A /* Project object */ = {
			isa = PBXProject;
			attributes = {
				LastUpgradeCheck = 0600;
				ORGANIZATIONNAME = ColemanCDA;
				TargetAttributes = {
					6E98FD0919B2063C00BA535A = {
						CreatedOnToolsVersion = 6.0;
					};
					6E98FD0A19B2063C00BA535A = {
						CreatedOnToolsVersion = 6.0;
					};
					6E98FD0B19B2063C00BA535A = {
						CreatedOnToolsVersion = 6.0;
					};
					6E98FD0C19B2063C00BA535A = {
						CreatedOnToolsVersion = 6.0;
					};
					6E98FD0E19B2063C00BA535A = {
						CreatedOnToolsVersion = 6.0;
					};
				};
			};
			buildConfigurationList = 6E98FD0819B2063C00BA535A /* Build configuration list for PBXProject "AutoGreen Arduino" */;
			compatibilityVersion = "Xcode 3.2";
			developmentRegion = English;
			hasScannedForEncodings = 0;
			knownRegions = (
				en,
			);
			mainGroup = 6E98FD0419B2063C00BA535A;
			productRefGroup = 6E98FD1019B2063C00BA535A /* Products */;
			projectDirPath = "";
			projectRoot = "";
			targets = (
				6E98FD0919B2063C00BA535A /* All */,
				6E98FD0A19B2063C00BA535A /* Build */,
				6E98FD0B19B2063C00BA535A /* Serial */,
				6E98FD0C19B2063C00BA535A /* Upload */,
				6E98FD0E19B2063C00BA535A /* Index */,
			);
		};
/* End PBXProject section */

/* Begin PBXSourcesBuildPhase section */
		6E98FD0D19B2063C00BA535A /* Sources */ = {
			isa = PBXSourcesBuildPhase;
			buildActionMask = 2147483647;
			files = (
				6E98FD1819B2063C00BA535A /* Makefile in Sources */,
				6E98FD1319B2063C00BA535A /* main.cpp in Sources */,
				6E98FD1519B2063C00BA535A /* LocalLibrary.cpp in Sources */,
			);
			runOnlyForDeploymentPostprocessing = 0;
		};
/* End PBXSourcesBuildPhase section */

/* Begin XCBuildConfiguration section */
		6E98FD6719B2063C00BA535A /* Debug */ = {
			isa = XCBuildConfiguration;
			baseConfigurationReference = 6E98FD2A19B2063C00BA535A /* Arduino Uno.xcconfig */;
			buildSettings = {
				ALWAYS_SEARCH_USER_PATHS = NO;
				CLANG_CXX_LANGUAGE_STANDARD = "gnu++0x";
				CLANG_CXX_LIBRARY = "libc++";
				CLANG_ENABLE_MODULES = YES;
				CLANG_ENABLE_OBJC_ARC = YES;
				CLANG_WARN_BOOL_CONVERSION = YES;
				CLANG_WARN_CONSTANT_CONVERSION = YES;
				CLANG_WARN_DIRECT_OBJC_ISA_USAGE = YES_ERROR;
				CLANG_WARN_EMPTY_BODY = YES;
				CLANG_WARN_ENUM_CONVERSION = YES;
				CLANG_WARN_INT_CONVERSION = YES;
				CLANG_WARN_OBJC_ROOT_CLASS = YES_ERROR;
				CLANG_WARN_UNREACHABLE_CODE = YES;
				CLANG_WARN__DUPLICATE_METHOD_MATCH = YES;
				COPY_PHASE_STRIP = NO;
				ENABLE_STRICT_OBJC_MSGSEND = YES;
				GCC_C_LANGUAGE_STANDARD = gnu99;
				GCC_DYNAMIC_NO_PIC = NO;
				GCC_OPTIMIZATION_LEVEL = 0;
				GCC_PREPROCESSOR_DEFINITIONS = (
					"DEBUG=1",
					"$(inherited)",
				);
				GCC_SYMBOLS_PRIVATE_EXTERN = NO;
				GCC_WARN_64_TO_32_BIT_CONVERSION = YES;
				GCC_WARN_ABOUT_RETURN_TYPE = YES_ERROR;
				GCC_WARN_UNDECLARED_SELECTOR = YES;
				GCC_WARN_UNINITIALIZED_AUTOS = YES_AGGRESSIVE;
				GCC_WARN_UNUSED_FUNCTION = YES;
				GCC_WARN_UNUSED_VARIABLE = YES;
				HEADER_SEARCH_PATHS = "$(inherited)";
				MTL_ENABLE_DEBUG_INFO = YES;
				ONLY_ACTIVE_ARCH = YES;
				PATH = "$(PATH):$(PROJECT_DIR)";
				PRODUCT_NAME = "$(TARGET_NAME)";
				SKETCHBOOK_DIR = "";
				SKETCH_EXTENSION = ino;
			};
			name = Debug;
		};
		6E98FD6819B2063C00BA535A /* Release */ = {
			isa = XCBuildConfiguration;
			buildSettings = {
				ALWAYS_SEARCH_USER_PATHS = NO;
				CLANG_CXX_LANGUAGE_STANDARD = "gnu++0x";
				CLANG_CXX_LIBRARY = "libc++";
				CLANG_ENABLE_MODULES = YES;
				CLANG_ENABLE_OBJC_ARC = YES;
				CLANG_WARN_BOOL_CONVERSION = YES;
				CLANG_WARN_CONSTANT_CONVERSION = YES;
				CLANG_WARN_DIRECT_OBJC_ISA_USAGE = YES_ERROR;
				CLANG_WARN_EMPTY_BODY = YES;
				CLANG_WARN_ENUM_CONVERSION = YES;
				CLANG_WARN_INT_CONVERSION = YES;
				CLANG_WARN_OBJC_ROOT_CLASS = YES_ERROR;
				CLANG_WARN_UNREACHABLE_CODE = YES;
				CLANG_WARN__DUPLICATE_METHOD_MATCH = YES;
				COPY_PHASE_STRIP = YES;
				ENABLE_NS_ASSERTIONS = NO;
				ENABLE_STRICT_OBJC_MSGSEND = YES;
				GCC_C_LANGUAGE_STANDARD = gnu99;
				GCC_WARN_64_TO_32_BIT_CONVERSION = YES;
				GCC_WARN_ABOUT_RETURN_TYPE = YES_ERROR;
				GCC_WARN_UNDECLARED_SELECTOR = YES;
				GCC_WARN_UNINITIALIZED_AUTOS = YES_AGGRESSIVE;
				GCC_WARN_UNUSED_FUNCTION = YES;
				GCC_WARN_UNUSED_VARIABLE = YES;
				HEADER_SEARCH_PATHS = "$(inherited)";
				MTL_ENABLE_DEBUG_INFO = NO;
				PATH = "$(PATH):$(PROJECT_DIR)";
				PRODUCT_NAME = "$(TARGET_NAME)";
				SKETCHBOOK_DIR = "";
				SKETCH_EXTENSION = ino;
			};
			name = Release;
		};
		6E98FD6A19B2063C00BA535A /* Debug */ = {
			isa = XCBuildConfiguration;
			buildSettings = {
				PRODUCT_NAME = "$(TARGET_NAME)";
			};
			name = Debug;
		};
		6E98FD6B19B2063C00BA535A /* Release */ = {
			isa = XCBuildConfiguration;
			buildSettings = {
				PRODUCT_NAME = "$(TARGET_NAME)";
			};
			name = Release;
		};
		6E98FD6D19B2063C00BA535A /* Debug */ = {
			isa = XCBuildConfiguration;
			buildSettings = {
			};
			name = Debug;
		};
		6E98FD6E19B2063C00BA535A /* Release */ = {
			isa = XCBuildConfiguration;
			buildSettings = {
			};
			name = Release;
		};
		6E98FD7019B2063C00BA535A /* Debug */ = {
			isa = XCBuildConfiguration;
			buildSettings = {
			};
			name = Debug;
		};
		6E98FD7119B2063C00BA535A /* Release */ = {
			isa = XCBuildConfiguration;
			buildSettings = {
			};
			name = Release;
		};
		6E98FD7319B2063C00BA535A /* Debug */ = {
			isa = XCBuildConfiguration;
			buildSettings = {
			};
			name = Debug;
		};
		6E98FD7419B2063C00BA535A /* Release */ = {
			isa = XCBuildConfiguration;
			buildSettings = {
			};
			name = Release;
		};
		6E98FD7619B2063C00BA535A /* Debug */ = {
			isa = XCBuildConfiguration;
			buildSettings = {
			};
			name = Debug;
		};
		6E98FD7719B2063C00BA535A /* Release */ = {
			isa = XCBuildConfiguration;
			buildSettings = {
			};
			name = Release;
		};
/* End XCBuildConfiguration section */

/* Begin XCConfigurationList section */
		6E98FD0819B2063C00BA535A /* Build configuration list for PBXProject "AutoGreen Arduino" */ = {
			isa = XCConfigurationList;
			buildConfigurations = (
				6E98FD6719B2063C00BA535A /* Debug */,
				6E98FD6819B2063C00BA535A /* Release */,
			);
			defaultConfigurationIsVisible = 0;
			defaultConfigurationName = Release;
		};
		6E98FD6919B2063C00BA535A /* Build configuration list for PBXLegacyTarget "All" */ = {
			isa = XCConfigurationList;
			buildConfigurations = (
				6E98FD6A19B2063C00BA535A /* Debug */,
				6E98FD6B19B2063C00BA535A /* Release */,
			);
			defaultConfigurationIsVisible = 0;
		};
		6E98FD6C19B2063C00BA535A /* Build configuration list for PBXLegacyTarget "Build" */ = {
			isa = XCConfigurationList;
			buildConfigurations = (
				6E98FD6D19B2063C00BA535A /* Debug */,
				6E98FD6E19B2063C00BA535A /* Release */,
			);
			defaultConfigurationIsVisible = 0;
		};
		6E98FD6F19B2063C00BA535A /* Build configuration list for PBXLegacyTarget "Serial" */ = {
			isa = XCConfigurationList;
			buildConfigurations = (
				6E98FD7019B2063C00BA535A /* Debug */,
				6E98FD7119B2063C00BA535A /* Release */,
			);
			defaultConfigurationIsVisible = 0;
		};
		6E98FD7219B2063C00BA535A /* Build configuration list for PBXLegacyTarget "Upload" */ = {
			isa = XCConfigurationList;
			buildConfigurations = (
				6E98FD7319B2063C00BA535A /* Debug */,
				6E98FD7419B2063C00BA535A /* Release */,
			);
			defaultConfigurationIsVisible = 0;
		};
		6E98FD7519B2063C00BA535A /* Build configuration list for PBXNativeTarget "Index" */ = {
			isa = XCConfigurationList;
			buildConfigurations = (
				6E98FD7619B2063C00BA535A /* Debug */,
				6E98FD7719B2063C00BA535A /* Release */,
			);
			defaultConfigurationIsVisible = 0;
		};
/* End XCConfigurationList section */
	};
	rootObject = 6E98FD0519B2063C00BA535A /* Project object */;
}
